
Microsoft Visual Studio Solution File, Format Version 12.00
# Visual Studio Version 17
VisualStudioVersion = 17.9.34902.65
MinimumVisualStudioVersion = 10.0.40219.1
Project("{8BC9CEB8-8B4A-11D0-8D11-00A0C91BC942}") = "SFML", "SFML\SFML.vcxproj", "{AC5D04E4-21EE-4EF6-89AB-E8D774A117BE}"
EndProject
Global
	GlobalSection(SolutionConfigurationPlatforms) = preSolution
		Debug|x64 = Debug|x64
		Debug|x86 = Debug|x86
		Release|x64 = Release|x64
		Release|x86 = Release|x86
	EndGlobalSection
	GlobalSection(ProjectConfigurationPlatforms) = postSolution
		{AC5D04E4-21EE-4EF6-89AB-E8D774A117BE}.Debug|x64.ActiveCfg = Debug|x64
		{AC5D04E4-21EE-4EF6-89AB-E8D774A117BE}.Debug|x64.Build.0 = Debug|x64
		{AC5D04E4-21EE-4EF6-89AB-E8D774A117BE}.Debug|x86.ActiveCfg = Debug|Win32
		{AC5D04E4-21EE-4EF6-89AB-E8D774A117BE}.Debug|x86.Build.0 = Debug|Win32
		{AC5D04E4-21EE-4EF6-89AB-E8D774A117BE}.Release|x64.ActiveCfg = Release|x64
		{AC5D04E4-21EE-4EF6-89AB-E8D774A117BE}.Release|x64.Build.0 = Release|x64
		{AC5D04E4-21EE-4EF6-89AB-E8D774A117BE}.Release|x86.ActiveCfg = Release|Win32
		{AC5D04E4-21EE-4EF6-89AB-E8D774A117BE}.Release|x86.Build.0 = Release|Win32
	EndGlobalSection
	GlobalSection(SolutionProperties) = preSolution
		HideSolutionNode = FALSE
	EndGlobalSection
	GlobalSection(ExtensibilityGlobals) = postSolution
		SolutionGuid = {A47E8E57-58B5-488F-9727-469B4FE53CF8}
	EndGlobalSection
EndGlobal
